// !$*UTF8*$!
{
	archiveVersion = 1;
	classes = {
	};
	objectVersion = 50;
	objects = {

/* Begin PBXBuildFile section */
		9D436C3220E9E4DD00A1B938 /* TimingFunction.swift in Sources */ = {isa = PBXBuildFile; fileRef = D4CB78C620AC2BDD003232F6 /* TimingFunction.swift */; };
		9D436C3320E9E4DD00A1B938 /* Transition.swift in Sources */ = {isa = PBXBuildFile; fileRef = D4CB78C220AC2BDD003232F6 /* Transition.swift */; };
		9D436C3420E9E4DD00A1B938 /* CAAnimation+Extension.swift in Sources */ = {isa = PBXBuildFile; fileRef = D4CB78C120AC2BDD003232F6 /* CAAnimation+Extension.swift */; };
		9D436C3520E9E4DD00A1B938 /* Animator.swift in Sources */ = {isa = PBXBuildFile; fileRef = D4CB78C420AC2BDD003232F6 /* Animator.swift */; };
		9D436C3620E9E4DD00A1B938 /* AnimationKeyPaths.swift in Sources */ = {isa = PBXBuildFile; fileRef = D4CB78C520AC2BDD003232F6 /* AnimationKeyPaths.swift */; };
		9D436C3920E9E4DD00A1B938 /* Sica.h in Headers */ = {isa = PBXBuildFile; fileRef = D4A60FE620ABC9890079871A /* Sica.h */; settings = {ATTRIBUTES = (Public, ); }; };
		9D436C4420E9E71900A1B938 /* TimingFunction.swift in Sources */ = {isa = PBXBuildFile; fileRef = D4CB78C620AC2BDD003232F6 /* TimingFunction.swift */; };
		9D436C4520E9E71900A1B938 /* Transition.swift in Sources */ = {isa = PBXBuildFile; fileRef = D4CB78C220AC2BDD003232F6 /* Transition.swift */; };
		9D436C4620E9E71900A1B938 /* CAAnimation+Extension.swift in Sources */ = {isa = PBXBuildFile; fileRef = D4CB78C120AC2BDD003232F6 /* CAAnimation+Extension.swift */; };
		9D436C4720E9E71900A1B938 /* Animator.swift in Sources */ = {isa = PBXBuildFile; fileRef = D4CB78C420AC2BDD003232F6 /* Animator.swift */; };
		9D436C4820E9E71900A1B938 /* AnimationKeyPaths.swift in Sources */ = {isa = PBXBuildFile; fileRef = D4CB78C520AC2BDD003232F6 /* AnimationKeyPaths.swift */; };
		9D436C4B20E9E71900A1B938 /* Sica.h in Headers */ = {isa = PBXBuildFile; fileRef = D4A60FE620ABC9890079871A /* Sica.h */; settings = {ATTRIBUTES = (Public, ); }; };
		9D436C5820E9E8F200A1B938 /* SicaTests.swift in Sources */ = {isa = PBXBuildFile; fileRef = D4A60FF120ABC9890079871A /* SicaTests.swift */; };
		9D436C5A20E9E8F200A1B938 /* Sica.framework in Frameworks */ = {isa = PBXBuildFile; fileRef = D4A60FE320ABC9890079871A /* Sica.framework */; };
		9D436C6620E9EA1E00A1B938 /* SicaTests.swift in Sources */ = {isa = PBXBuildFile; fileRef = D4A60FF120ABC9890079871A /* SicaTests.swift */; };
		9D436C6820E9EA1E00A1B938 /* Sica.framework in Frameworks */ = {isa = PBXBuildFile; fileRef = D4A60FE320ABC9890079871A /* Sica.framework */; };
		D449535120EE1BAF004C8AB9 /* UIView+Sica.swift in Sources */ = {isa = PBXBuildFile; fileRef = D449535020EE1BAF004C8AB9 /* UIView+Sica.swift */; };
		D449535320EE1F20004C8AB9 /* CALayer+Sica.swift in Sources */ = {isa = PBXBuildFile; fileRef = D449535220EE1F20004C8AB9 /* CALayer+Sica.swift */; };
		D4A60FED20ABC9890079871A /* Sica.framework in Frameworks */ = {isa = PBXBuildFile; fileRef = D4A60FE320ABC9890079871A /* Sica.framework */; };
		D4A60FF220ABC9890079871A /* SicaTests.swift in Sources */ = {isa = PBXBuildFile; fileRef = D4A60FF120ABC9890079871A /* SicaTests.swift */; };
		D4A60FF420ABC9890079871A /* Sica.h in Headers */ = {isa = PBXBuildFile; fileRef = D4A60FE620ABC9890079871A /* Sica.h */; settings = {ATTRIBUTES = (Public, ); }; };
		D4CB78CA20AC2BDD003232F6 /* CAAnimation+Extension.swift in Sources */ = {isa = PBXBuildFile; fileRef = D4CB78C120AC2BDD003232F6 /* CAAnimation+Extension.swift */; };
		D4CB78CB20AC2BDD003232F6 /* Transition.swift in Sources */ = {isa = PBXBuildFile; fileRef = D4CB78C220AC2BDD003232F6 /* Transition.swift */; };
		D4CB78CD20AC2BDD003232F6 /* Animator.swift in Sources */ = {isa = PBXBuildFile; fileRef = D4CB78C420AC2BDD003232F6 /* Animator.swift */; };
		D4CB78CE20AC2BDD003232F6 /* AnimationKeyPaths.swift in Sources */ = {isa = PBXBuildFile; fileRef = D4CB78C520AC2BDD003232F6 /* AnimationKeyPaths.swift */; };
		D4CB78CF20AC2BDD003232F6 /* TimingFunction.swift in Sources */ = {isa = PBXBuildFile; fileRef = D4CB78C620AC2BDD003232F6 /* TimingFunction.swift */; };
/* End PBXBuildFile section */

/* Begin PBXContainerItemProxy section */
		9D436C5620E9E8F200A1B938 /* PBXContainerItemProxy */ = {
			isa = PBXContainerItemProxy;
			containerPortal = D4A60FDA20ABC9890079871A /* Project object */;
			proxyType = 1;
			remoteGlobalIDString = D4A60FE220ABC9890079871A;
			remoteInfo = AbemaAnimator;
		};
		9D436C6420E9EA1E00A1B938 /* PBXContainerItemProxy */ = {
			isa = PBXContainerItemProxy;
			containerPortal = D4A60FDA20ABC9890079871A /* Project object */;
			proxyType = 1;
			remoteGlobalIDString = D4A60FE220ABC9890079871A;
			remoteInfo = AbemaAnimator;
		};
		D4A60FEE20ABC9890079871A /* PBXContainerItemProxy */ = {
			isa = PBXContainerItemProxy;
			containerPortal = D4A60FDA20ABC9890079871A /* Project object */;
			proxyType = 1;
			remoteGlobalIDString = D4A60FE220ABC9890079871A;
			remoteInfo = AbemaAnimator;
		};
/* End PBXContainerItemProxy section */

/* Begin PBXFileReference section */
		9D436C3F20E9E4DD00A1B938 /* Sica.framework */ = {isa = PBXFileReference; explicitFileType = wrapper.framework; includeInIndex = 0; path = Sica.framework; sourceTree = BUILT_PRODUCTS_DIR; };
		9D436C4120E9E62700A1B938 /* Info-macOS.plist */ = {isa = PBXFileReference; lastKnownFileType = text.plist.xml; path = "Info-macOS.plist"; sourceTree = "<group>"; };
		9D436C5120E9E71900A1B938 /* Sica.framework */ = {isa = PBXFileReference; explicitFileType = wrapper.framework; includeInIndex = 0; path = Sica.framework; sourceTree = BUILT_PRODUCTS_DIR; };
		9D436C5320E9E73D00A1B938 /* Info-tvOS.plist */ = {isa = PBXFileReference; lastKnownFileType = text.plist.xml; path = "Info-tvOS.plist"; sourceTree = "<group>"; };
		9D436C5F20E9E8F200A1B938 /* SicaTests.xctest */ = {isa = PBXFileReference; explicitFileType = wrapper.cfbundle; includeInIndex = 0; path = SicaTests.xctest; sourceTree = BUILT_PRODUCTS_DIR; };
		9D436C6120E9E93800A1B938 /* Info-tvOS.plist */ = {isa = PBXFileReference; lastKnownFileType = text.plist.xml; path = "Info-tvOS.plist"; sourceTree = "<group>"; };
		9D436C6D20E9EA1E00A1B938 /* SicaTests.xctest */ = {isa = PBXFileReference; explicitFileType = wrapper.cfbundle; includeInIndex = 0; path = SicaTests.xctest; sourceTree = BUILT_PRODUCTS_DIR; };
		9D436C6F20E9EA5000A1B938 /* Info-macOS.plist */ = {isa = PBXFileReference; lastKnownFileType = text.plist.xml; path = "Info-macOS.plist"; sourceTree = "<group>"; };
		D449535020EE1BAF004C8AB9 /* UIView+Sica.swift */ = {isa = PBXFileReference; lastKnownFileType = sourcecode.swift; path = "UIView+Sica.swift"; sourceTree = "<group>"; };
		D449535220EE1F20004C8AB9 /* CALayer+Sica.swift */ = {isa = PBXFileReference; lastKnownFileType = sourcecode.swift; path = "CALayer+Sica.swift"; sourceTree = "<group>"; };
		D4A60FE320ABC9890079871A /* Sica.framework */ = {isa = PBXFileReference; explicitFileType = wrapper.framework; includeInIndex = 0; path = Sica.framework; sourceTree = BUILT_PRODUCTS_DIR; };
		D4A60FE620ABC9890079871A /* Sica.h */ = {isa = PBXFileReference; lastKnownFileType = sourcecode.c.h; path = Sica.h; sourceTree = "<group>"; };
		D4A60FE720ABC9890079871A /* Info-iOS.plist */ = {isa = PBXFileReference; lastKnownFileType = text.plist.xml; path = "Info-iOS.plist"; sourceTree = "<group>"; };
		D4A60FEC20ABC9890079871A /* SicaTests.xctest */ = {isa = PBXFileReference; explicitFileType = wrapper.cfbundle; includeInIndex = 0; path = SicaTests.xctest; sourceTree = BUILT_PRODUCTS_DIR; };
		D4A60FF120ABC9890079871A /* SicaTests.swift */ = {isa = PBXFileReference; lastKnownFileType = sourcecode.swift; path = SicaTests.swift; sourceTree = "<group>"; };
		D4A60FF320ABC9890079871A /* Info-iOS.plist */ = {isa = PBXFileReference; lastKnownFileType = text.plist.xml; path = "Info-iOS.plist"; sourceTree = "<group>"; };
		D4CB78C120AC2BDD003232F6 /* CAAnimation+Extension.swift */ = {isa = PBXFileReference; fileEncoding = 4; lastKnownFileType = sourcecode.swift; path = "CAAnimation+Extension.swift"; sourceTree = "<group>"; };
		D4CB78C220AC2BDD003232F6 /* Transition.swift */ = {isa = PBXFileReference; fileEncoding = 4; lastKnownFileType = sourcecode.swift; path = Transition.swift; sourceTree = "<group>"; };
		D4CB78C420AC2BDD003232F6 /* Animator.swift */ = {isa = PBXFileReference; fileEncoding = 4; lastKnownFileType = sourcecode.swift; path = Animator.swift; sourceTree = "<group>"; };
		D4CB78C520AC2BDD003232F6 /* AnimationKeyPaths.swift */ = {isa = PBXFileReference; fileEncoding = 4; lastKnownFileType = sourcecode.swift; path = AnimationKeyPaths.swift; sourceTree = "<group>"; };
		D4CB78C620AC2BDD003232F6 /* TimingFunction.swift */ = {isa = PBXFileReference; fileEncoding = 4; lastKnownFileType = sourcecode.swift; path = TimingFunction.swift; sourceTree = "<group>"; };
/* End PBXFileReference section */

/* Begin PBXFrameworksBuildPhase section */
		9D436C3720E9E4DD00A1B938 /* Frameworks */ = {
			isa = PBXFrameworksBuildPhase;
			buildActionMask = 2147483647;
			files = (
			);
			runOnlyForDeploymentPostprocessing = 0;
		};
		9D436C4920E9E71900A1B938 /* Frameworks */ = {
			isa = PBXFrameworksBuildPhase;
			buildActionMask = 2147483647;
			files = (
			);
			runOnlyForDeploymentPostprocessing = 0;
		};
		9D436C5920E9E8F200A1B938 /* Frameworks */ = {
			isa = PBXFrameworksBuildPhase;
			buildActionMask = 2147483647;
			files = (
				9D436C5A20E9E8F200A1B938 /* Sica.framework in Frameworks */,
			);
			runOnlyForDeploymentPostprocessing = 0;
		};
		9D436C6720E9EA1E00A1B938 /* Frameworks */ = {
			isa = PBXFrameworksBuildPhase;
			buildActionMask = 2147483647;
			files = (
				9D436C6820E9EA1E00A1B938 /* Sica.framework in Frameworks */,
			);
			runOnlyForDeploymentPostprocessing = 0;
		};
		D4A60FDF20ABC9890079871A /* Frameworks */ = {
			isa = PBXFrameworksBuildPhase;
			buildActionMask = 2147483647;
			files = (
			);
			runOnlyForDeploymentPostprocessing = 0;
		};
		D4A60FE920ABC9890079871A /* Frameworks */ = {
			isa = PBXFrameworksBuildPhase;
			buildActionMask = 2147483647;
			files = (
				D4A60FED20ABC9890079871A /* Sica.framework in Frameworks */,
			);
			runOnlyForDeploymentPostprocessing = 0;
		};
/* End PBXFrameworksBuildPhase section */

/* Begin PBXGroup section */
		9D436C2F20E9E45500A1B938 /* Resource */ = {
			isa = PBXGroup;
			children = (
				D4A60FE720ABC9890079871A /* Info-iOS.plist */,
				9D436C5320E9E73D00A1B938 /* Info-tvOS.plist */,
				9D436C4120E9E62700A1B938 /* Info-macOS.plist */,
			);
			path = Resource;
			sourceTree = "<group>";
		};
		D4A60FD920ABC9890079871A = {
			isa = PBXGroup;
			children = (
				D4A60FE520ABC9890079871A /* Sica */,
				D4A60FF020ABC9890079871A /* SicaTests */,
				D4A60FE420ABC9890079871A /* Products */,
			);
			sourceTree = "<group>";
		};
		D4A60FE420ABC9890079871A /* Products */ = {
			isa = PBXGroup;
			children = (
				D4A60FE320ABC9890079871A /* Sica.framework */,
				D4A60FEC20ABC9890079871A /* SicaTests.xctest */,
				9D436C3F20E9E4DD00A1B938 /* Sica.framework */,
				9D436C5120E9E71900A1B938 /* Sica.framework */,
				9D436C5F20E9E8F200A1B938 /* SicaTests.xctest */,
				9D436C6D20E9EA1E00A1B938 /* SicaTests.xctest */,
			);
			name = Products;
			sourceTree = "<group>";
		};
		D4A60FE520ABC9890079871A /* Sica */ = {
			isa = PBXGroup;
			children = (
				9D436C2F20E9E45500A1B938 /* Resource */,
				D4A60FE620ABC9890079871A /* Sica.h */,
				D4CB78C020AC2BDD003232F6 /* Source */,
			);
			path = Sica;
			sourceTree = "<group>";
		};
		D4A60FF020ABC9890079871A /* SicaTests */ = {
			isa = PBXGroup;
			children = (
				D4A60FF120ABC9890079871A /* SicaTests.swift */,
				D4A60FF320ABC9890079871A /* Info-iOS.plist */,
				9D436C6F20E9EA5000A1B938 /* Info-macOS.plist */,
				9D436C6120E9E93800A1B938 /* Info-tvOS.plist */,
			);
			path = SicaTests;
			sourceTree = "<group>";
		};
		D4CB78C020AC2BDD003232F6 /* Source */ = {
			isa = PBXGroup;
			children = (
				D4CB78C520AC2BDD003232F6 /* AnimationKeyPaths.swift */,
				D4CB78C420AC2BDD003232F6 /* Animator.swift */,
				D4CB78C120AC2BDD003232F6 /* CAAnimation+Extension.swift */,
				D449535220EE1F20004C8AB9 /* CALayer+Sica.swift */,
				D4CB78C620AC2BDD003232F6 /* TimingFunction.swift */,
				D4CB78C220AC2BDD003232F6 /* Transition.swift */,
				D449535020EE1BAF004C8AB9 /* UIView+Sica.swift */,
			);
			path = Source;
			sourceTree = "<group>";
		};
/* End PBXGroup section */

/* Begin PBXHeadersBuildPhase section */
		9D436C3820E9E4DD00A1B938 /* Headers */ = {
			isa = PBXHeadersBuildPhase;
			buildActionMask = 2147483647;
			files = (
				9D436C3920E9E4DD00A1B938 /* Sica.h in Headers */,
			);
			runOnlyForDeploymentPostprocessing = 0;
		};
		9D436C4A20E9E71900A1B938 /* Headers */ = {
			isa = PBXHeadersBuildPhase;
			buildActionMask = 2147483647;
			files = (
				9D436C4B20E9E71900A1B938 /* Sica.h in Headers */,
			);
			runOnlyForDeploymentPostprocessing = 0;
		};
		D4A60FE020ABC9890079871A /* Headers */ = {
			isa = PBXHeadersBuildPhase;
			buildActionMask = 2147483647;
			files = (
				D4A60FF420ABC9890079871A /* Sica.h in Headers */,
			);
			runOnlyForDeploymentPostprocessing = 0;
		};
/* End PBXHeadersBuildPhase section */

/* Begin PBXNativeTarget section */
		9D436C3020E9E4DD00A1B938 /* Sica-macOS */ = {
			isa = PBXNativeTarget;
			buildConfigurationList = 9D436C3C20E9E4DD00A1B938 /* Build configuration list for PBXNativeTarget "Sica-macOS" */;
			buildPhases = (
				9D436C3120E9E4DD00A1B938 /* Sources */,
				9D436C3720E9E4DD00A1B938 /* Frameworks */,
				9D436C3820E9E4DD00A1B938 /* Headers */,
				9D436C3A20E9E4DD00A1B938 /* Resources */,
				9D436C3B20E9E4DD00A1B938 /* ShellScript */,
			);
			buildRules = (
			);
			dependencies = (
			);
			name = "Sica-macOS";
			productName = AbemaAnimator;
			productReference = 9D436C3F20E9E4DD00A1B938 /* Sica.framework */;
			productType = "com.apple.product-type.framework";
		};
		9D436C4220E9E71900A1B938 /* Sica-tvOS */ = {
			isa = PBXNativeTarget;
			buildConfigurationList = 9D436C4E20E9E71900A1B938 /* Build configuration list for PBXNativeTarget "Sica-tvOS" */;
			buildPhases = (
				9D436C4320E9E71900A1B938 /* Sources */,
				9D436C4920E9E71900A1B938 /* Frameworks */,
				9D436C4A20E9E71900A1B938 /* Headers */,
				9D436C4C20E9E71900A1B938 /* Resources */,
				9D436C4D20E9E71900A1B938 /* ShellScript */,
			);
			buildRules = (
			);
			dependencies = (
			);
			name = "Sica-tvOS";
			productName = AbemaAnimator;
			productReference = 9D436C5120E9E71900A1B938 /* Sica.framework */;
			productType = "com.apple.product-type.framework";
		};
		9D436C5420E9E8F200A1B938 /* SicaTests-tvOS */ = {
			isa = PBXNativeTarget;
			buildConfigurationList = 9D436C5C20E9E8F200A1B938 /* Build configuration list for PBXNativeTarget "SicaTests-tvOS" */;
			buildPhases = (
				9D436C5720E9E8F200A1B938 /* Sources */,
				9D436C5920E9E8F200A1B938 /* Frameworks */,
				9D436C5B20E9E8F200A1B938 /* Resources */,
			);
			buildRules = (
			);
			dependencies = (
				9D436C5520E9E8F200A1B938 /* PBXTargetDependency */,
			);
			name = "SicaTests-tvOS";
			productName = AbemaAnimatorTests;
			productReference = 9D436C5F20E9E8F200A1B938 /* SicaTests.xctest */;
			productType = "com.apple.product-type.bundle.unit-test";
		};
		9D436C6220E9EA1E00A1B938 /* SicaTests-macOS */ = {
			isa = PBXNativeTarget;
			buildConfigurationList = 9D436C6A20E9EA1E00A1B938 /* Build configuration list for PBXNativeTarget "SicaTests-macOS" */;
			buildPhases = (
				9D436C6520E9EA1E00A1B938 /* Sources */,
				9D436C6720E9EA1E00A1B938 /* Frameworks */,
				9D436C6920E9EA1E00A1B938 /* Resources */,
			);
			buildRules = (
			);
			dependencies = (
				9D436C6320E9EA1E00A1B938 /* PBXTargetDependency */,
			);
			name = "SicaTests-macOS";
			productName = AbemaAnimatorTests;
			productReference = 9D436C6D20E9EA1E00A1B938 /* SicaTests.xctest */;
			productType = "com.apple.product-type.bundle.unit-test";
		};
		D4A60FE220ABC9890079871A /* Sica-iOS */ = {
			isa = PBXNativeTarget;
			buildConfigurationList = D4A60FF720ABC9890079871A /* Build configuration list for PBXNativeTarget "Sica-iOS" */;
			buildPhases = (
				D4A60FDE20ABC9890079871A /* Sources */,
				D4A60FDF20ABC9890079871A /* Frameworks */,
				D4A60FE020ABC9890079871A /* Headers */,
				D4A60FE120ABC9890079871A /* Resources */,
				D42CFBF020BE4A4700A1A812 /* ShellScript */,
			);
			buildRules = (
			);
			dependencies = (
			);
			name = "Sica-iOS";
			productName = AbemaAnimator;
			productReference = D4A60FE320ABC9890079871A /* Sica.framework */;
			productType = "com.apple.product-type.framework";
		};
		D4A60FEB20ABC9890079871A /* SicaTests-iOS */ = {
			isa = PBXNativeTarget;
			buildConfigurationList = D4A60FFA20ABC9890079871A /* Build configuration list for PBXNativeTarget "SicaTests-iOS" */;
			buildPhases = (
				D4A60FE820ABC9890079871A /* Sources */,
				D4A60FE920ABC9890079871A /* Frameworks */,
				D4A60FEA20ABC9890079871A /* Resources */,
			);
			buildRules = (
			);
			dependencies = (
				D4A60FEF20ABC9890079871A /* PBXTargetDependency */,
			);
			name = "SicaTests-iOS";
			productName = AbemaAnimatorTests;
			productReference = D4A60FEC20ABC9890079871A /* SicaTests.xctest */;
			productType = "com.apple.product-type.bundle.unit-test";
		};
/* End PBXNativeTarget section */

/* Begin PBXProject section */
		D4A60FDA20ABC9890079871A /* Project object */ = {
			isa = PBXProject;
			attributes = {
				LastSwiftUpdateCheck = 0930;
				LastUpgradeCheck = 0930;
				ORGANIZATIONNAME = "中澤 郁斗";
				TargetAttributes = {
					D4A60FE220ABC9890079871A = {
						CreatedOnToolsVersion = 9.3.1;
					};
					D4A60FEB20ABC9890079871A = {
						CreatedOnToolsVersion = 9.3.1;
					};
				};
			};
			buildConfigurationList = D4A60FDD20ABC9890079871A /* Build configuration list for PBXProject "Sica" */;
			compatibilityVersion = "Xcode 9.3";
			developmentRegion = en;
			hasScannedForEncodings = 0;
			knownRegions = (
				en,
				Base,
			);
			mainGroup = D4A60FD920ABC9890079871A;
			productRefGroup = D4A60FE420ABC9890079871A /* Products */;
			projectDirPath = "";
			projectRoot = "";
			targets = (
				D4A60FE220ABC9890079871A /* Sica-iOS */,
				9D436C3020E9E4DD00A1B938 /* Sica-macOS */,
				9D436C4220E9E71900A1B938 /* Sica-tvOS */,
				D4A60FEB20ABC9890079871A /* SicaTests-iOS */,
				9D436C5420E9E8F200A1B938 /* SicaTests-tvOS */,
				9D436C6220E9EA1E00A1B938 /* SicaTests-macOS */,
			);
		};
/* End PBXProject section */

/* Begin PBXResourcesBuildPhase section */
		9D436C3A20E9E4DD00A1B938 /* Resources */ = {
			isa = PBXResourcesBuildPhase;
			buildActionMask = 2147483647;
			files = (
			);
			runOnlyForDeploymentPostprocessing = 0;
		};
		9D436C4C20E9E71900A1B938 /* Resources */ = {
			isa = PBXResourcesBuildPhase;
			buildActionMask = 2147483647;
			files = (
			);
			runOnlyForDeploymentPostprocessing = 0;
		};
		9D436C5B20E9E8F200A1B938 /* Resources */ = {
			isa = PBXResourcesBuildPhase;
			buildActionMask = 2147483647;
			files = (
			);
			runOnlyForDeploymentPostprocessing = 0;
		};
		9D436C6920E9EA1E00A1B938 /* Resources */ = {
			isa = PBXResourcesBuildPhase;
			buildActionMask = 2147483647;
			files = (
			);
			runOnlyForDeploymentPostprocessing = 0;
		};
		D4A60FE120ABC9890079871A /* Resources */ = {
			isa = PBXResourcesBuildPhase;
			buildActionMask = 2147483647;
			files = (
			);
			runOnlyForDeploymentPostprocessing = 0;
		};
		D4A60FEA20ABC9890079871A /* Resources */ = {
			isa = PBXResourcesBuildPhase;
			buildActionMask = 2147483647;
			files = (
			);
			runOnlyForDeploymentPostprocessing = 0;
		};
/* End PBXResourcesBuildPhase section */

/* Begin PBXShellScriptBuildPhase section */
		9D436C3B20E9E4DD00A1B938 /* ShellScript */ = {
			isa = PBXShellScriptBuildPhase;
			buildActionMask = 2147483647;
			files = (
			);
			inputPaths = (
			);
			outputPaths = (
			);
			runOnlyForDeploymentPostprocessing = 0;
			shellPath = /bin/sh;
			shellScript = "";
		};
		9D436C4D20E9E71900A1B938 /* ShellScript */ = {
			isa = PBXShellScriptBuildPhase;
			buildActionMask = 2147483647;
			files = (
			);
			inputPaths = (
			);
			outputPaths = (
			);
			runOnlyForDeploymentPostprocessing = 0;
			shellPath = /bin/sh;
			shellScript = "";
		};
		D42CFBF020BE4A4700A1A812 /* ShellScript */ = {
			isa = PBXShellScriptBuildPhase;
			buildActionMask = 2147483647;
			files = (
			);
			inputPaths = (
			);
			outputPaths = (
			);
			runOnlyForDeploymentPostprocessing = 0;
			shellPath = /bin/sh;
			shellScript = "";
		};
/* End PBXShellScriptBuildPhase section */

/* Begin PBXSourcesBuildPhase section */
		9D436C3120E9E4DD00A1B938 /* Sources */ = {
			isa = PBXSourcesBuildPhase;
			buildActionMask = 2147483647;
			files = (
				9D436C3220E9E4DD00A1B938 /* TimingFunction.swift in Sources */,
				9D436C3320E9E4DD00A1B938 /* Transition.swift in Sources */,
				9D436C3420E9E4DD00A1B938 /* CAAnimation+Extension.swift in Sources */,
				9D436C3520E9E4DD00A1B938 /* Animator.swift in Sources */,
				9D436C3620E9E4DD00A1B938 /* AnimationKeyPaths.swift in Sources */,
			);
			runOnlyForDeploymentPostprocessing = 0;
		};
		9D436C4320E9E71900A1B938 /* Sources */ = {
			isa = PBXSourcesBuildPhase;
			buildActionMask = 2147483647;
			files = (
				9D436C4420E9E71900A1B938 /* TimingFunction.swift in Sources */,
				9D436C4520E9E71900A1B938 /* Transition.swift in Sources */,
				9D436C4620E9E71900A1B938 /* CAAnimation+Extension.swift in Sources */,
				9D436C4720E9E71900A1B938 /* Animator.swift in Sources */,
				9D436C4820E9E71900A1B938 /* AnimationKeyPaths.swift in Sources */,
			);
			runOnlyForDeploymentPostprocessing = 0;
		};
		9D436C5720E9E8F200A1B938 /* Sources */ = {
			isa = PBXSourcesBuildPhase;
			buildActionMask = 2147483647;
			files = (
				9D436C5820E9E8F200A1B938 /* SicaTests.swift in Sources */,
			);
			runOnlyForDeploymentPostprocessing = 0;
		};
		9D436C6520E9EA1E00A1B938 /* Sources */ = {
			isa = PBXSourcesBuildPhase;
			buildActionMask = 2147483647;
			files = (
				9D436C6620E9EA1E00A1B938 /* SicaTests.swift in Sources */,
			);
			runOnlyForDeploymentPostprocessing = 0;
		};
		D4A60FDE20ABC9890079871A /* Sources */ = {
			isa = PBXSourcesBuildPhase;
			buildActionMask = 2147483647;
			files = (
				D4CB78CF20AC2BDD003232F6 /* TimingFunction.swift in Sources */,
				D4CB78CB20AC2BDD003232F6 /* Transition.swift in Sources */,
				D4CB78CA20AC2BDD003232F6 /* CAAnimation+Extension.swift in Sources */,
				D4CB78CD20AC2BDD003232F6 /* Animator.swift in Sources */,
				D449535320EE1F20004C8AB9 /* CALayer+Sica.swift in Sources */,
				D449535120EE1BAF004C8AB9 /* UIView+Sica.swift in Sources */,
				D4CB78CE20AC2BDD003232F6 /* AnimationKeyPaths.swift in Sources */,
			);
			runOnlyForDeploymentPostprocessing = 0;
		};
		D4A60FE820ABC9890079871A /* Sources */ = {
			isa = PBXSourcesBuildPhase;
			buildActionMask = 2147483647;
			files = (
				D4A60FF220ABC9890079871A /* SicaTests.swift in Sources */,
			);
			runOnlyForDeploymentPostprocessing = 0;
		};
/* End PBXSourcesBuildPhase section */

/* Begin PBXTargetDependency section */
		9D436C5520E9E8F200A1B938 /* PBXTargetDependency */ = {
			isa = PBXTargetDependency;
			target = D4A60FE220ABC9890079871A /* Sica-iOS */;
			targetProxy = 9D436C5620E9E8F200A1B938 /* PBXContainerItemProxy */;
		};
		9D436C6320E9EA1E00A1B938 /* PBXTargetDependency */ = {
			isa = PBXTargetDependency;
			target = D4A60FE220ABC9890079871A /* Sica-iOS */;
			targetProxy = 9D436C6420E9EA1E00A1B938 /* PBXContainerItemProxy */;
		};
		D4A60FEF20ABC9890079871A /* PBXTargetDependency */ = {
			isa = PBXTargetDependency;
			target = D4A60FE220ABC9890079871A /* Sica-iOS */;
			targetProxy = D4A60FEE20ABC9890079871A /* PBXContainerItemProxy */;
		};
/* End PBXTargetDependency section */

/* Begin XCBuildConfiguration section */
		9D436C3D20E9E4DD00A1B938 /* Debug */ = {
			isa = XCBuildConfiguration;
			buildSettings = {
				CODE_SIGN_IDENTITY = "";
				CODE_SIGN_STYLE = Manual;
				DEFINES_MODULE = YES;
				DEVELOPMENT_TEAM = "";
				DYLIB_COMPATIBILITY_VERSION = 1;
				DYLIB_CURRENT_VERSION = 1;
				DYLIB_INSTALL_NAME_BASE = "@rpath";
				INFOPLIST_FILE = "$(SRCROOT)/Sica/Resource/Info-macOS.plist";
				INSTALL_PATH = "$(LOCAL_LIBRARY_DIR)/Frameworks";
				IPHONEOS_DEPLOYMENT_TARGET = 9.0;
				LD_RUNPATH_SEARCH_PATHS = (
					"$(inherited)",
					"@executable_path/Frameworks",
					"@loader_path/Frameworks",
				);
				MACOSX_DEPLOYMENT_TARGET = 10.11;
				PRODUCT_BUNDLE_IDENTIFIER = "com.cats-oss.sica";
				PRODUCT_NAME = Sica;
				PROVISIONING_PROFILE_SPECIFIER = "";
				SDKROOT = macosx;
				SKIP_INSTALL = YES;
				SWIFT_VERSION = 4.0;
				TARGETED_DEVICE_FAMILY = "1,2";
			};
			name = Debug;
		};
		9D436C3E20E9E4DD00A1B938 /* Release */ = {
			isa = XCBuildConfiguration;
			buildSettings = {
				CODE_SIGN_IDENTITY = "";
				CODE_SIGN_STYLE = Manual;
				DEFINES_MODULE = YES;
				DEVELOPMENT_TEAM = "";
				DYLIB_COMPATIBILITY_VERSION = 1;
				DYLIB_CURRENT_VERSION = 1;
				DYLIB_INSTALL_NAME_BASE = "@rpath";
				INFOPLIST_FILE = "$(SRCROOT)/Sica/Resource/Info-macOS.plist";
				INSTALL_PATH = "$(LOCAL_LIBRARY_DIR)/Frameworks";
				IPHONEOS_DEPLOYMENT_TARGET = 9.0;
				LD_RUNPATH_SEARCH_PATHS = (
					"$(inherited)",
					"@executable_path/Frameworks",
					"@loader_path/Frameworks",
				);
				MACOSX_DEPLOYMENT_TARGET = 10.11;
				PRODUCT_BUNDLE_IDENTIFIER = "com.cats-oss.sica";
				PRODUCT_NAME = Sica;
				PROVISIONING_PROFILE_SPECIFIER = "";
				SDKROOT = macosx;
				SKIP_INSTALL = YES;
				SWIFT_VERSION = 4.0;
				TARGETED_DEVICE_FAMILY = "1,2";
			};
			name = Release;
		};
		9D436C4F20E9E71900A1B938 /* Debug */ = {
			isa = XCBuildConfiguration;
			buildSettings = {
				CODE_SIGN_IDENTITY = "";
				CODE_SIGN_STYLE = Manual;
				DEFINES_MODULE = YES;
				DEVELOPMENT_TEAM = "";
				DYLIB_COMPATIBILITY_VERSION = 1;
				DYLIB_CURRENT_VERSION = 1;
				DYLIB_INSTALL_NAME_BASE = "@rpath";
				INFOPLIST_FILE = "$(SRCROOT)/Sica/Resource/Info-tvOS.plist";
				INSTALL_PATH = "$(LOCAL_LIBRARY_DIR)/Frameworks";
				IPHONEOS_DEPLOYMENT_TARGET = 9.0;
				LD_RUNPATH_SEARCH_PATHS = (
					"$(inherited)",
					"@executable_path/Frameworks",
					"@loader_path/Frameworks",
				);
				PRODUCT_BUNDLE_IDENTIFIER = "com.cats-oss.sica";
				PRODUCT_NAME = Sica;
				PROVISIONING_PROFILE_SPECIFIER = "";
				SDKROOT = appletvos;
				SKIP_INSTALL = YES;
				SWIFT_VERSION = 4.0;
				TARGETED_DEVICE_FAMILY = 3;
				TVOS_DEPLOYMENT_TARGET = 10.0;
			};
			name = Debug;
		};
		9D436C5020E9E71900A1B938 /* Release */ = {
			isa = XCBuildConfiguration;
			buildSettings = {
				CODE_SIGN_IDENTITY = "";
				CODE_SIGN_STYLE = Manual;
				DEFINES_MODULE = YES;
				DEVELOPMENT_TEAM = "";
				DYLIB_COMPATIBILITY_VERSION = 1;
				DYLIB_CURRENT_VERSION = 1;
				DYLIB_INSTALL_NAME_BASE = "@rpath";
				INFOPLIST_FILE = "$(SRCROOT)/Sica/Resource/Info-tvOS.plist";
				INSTALL_PATH = "$(LOCAL_LIBRARY_DIR)/Frameworks";
				IPHONEOS_DEPLOYMENT_TARGET = 9.0;
				LD_RUNPATH_SEARCH_PATHS = (
					"$(inherited)",
					"@executable_path/Frameworks",
					"@loader_path/Frameworks",
				);
				PRODUCT_BUNDLE_IDENTIFIER = "com.cats-oss.sica";
				PRODUCT_NAME = Sica;
				PROVISIONING_PROFILE_SPECIFIER = "";
				SDKROOT = appletvos;
				SKIP_INSTALL = YES;
				SWIFT_VERSION = 4.0;
				TARGETED_DEVICE_FAMILY = 3;
				TVOS_DEPLOYMENT_TARGET = 10.0;
			};
			name = Release;
		};
		9D436C5D20E9E8F200A1B938 /* Debug */ = {
			isa = XCBuildConfiguration;
			buildSettings = {
				ALWAYS_EMBED_SWIFT_STANDARD_LIBRARIES = YES;
				CODE_SIGN_IDENTITY = "iPhone Developer";
				CODE_SIGN_STYLE = Manual;
				DEVELOPMENT_TEAM = "";
				INFOPLIST_FILE = "SicaTests/Info-tvOS.plist";
				LD_RUNPATH_SEARCH_PATHS = (
					"$(inherited)",
					"@executable_path/Frameworks",
					"@loader_path/Frameworks",
				);
				PRODUCT_BUNDLE_IDENTIFIER = "com.cats-oss.SicaTests";
				PRODUCT_NAME = SicaTests;
				PROVISIONING_PROFILE_SPECIFIER = "";
				SDKROOT = appletvos;
				SWIFT_VERSION = 4.0;
				TARGETED_DEVICE_FAMILY = 3;
			};
			name = Debug;
		};
		9D436C5E20E9E8F200A1B938 /* Release */ = {
			isa = XCBuildConfiguration;
			buildSettings = {
				ALWAYS_EMBED_SWIFT_STANDARD_LIBRARIES = YES;
				CODE_SIGN_IDENTITY = "iPhone Developer";
				CODE_SIGN_STYLE = Manual;
				DEVELOPMENT_TEAM = "";
				INFOPLIST_FILE = "SicaTests/Info-tvOS.plist";
				LD_RUNPATH_SEARCH_PATHS = (
					"$(inherited)",
					"@executable_path/Frameworks",
					"@loader_path/Frameworks",
				);
				PRODUCT_BUNDLE_IDENTIFIER = "com.cats-oss.SicaTests";
				PRODUCT_NAME = SicaTests;
				PROVISIONING_PROFILE_SPECIFIER = "";
				SDKROOT = appletvos;
				SWIFT_VERSION = 4.0;
				TARGETED_DEVICE_FAMILY = 3;
			};
			name = Release;
		};
		9D436C6B20E9EA1E00A1B938 /* Debug */ = {
			isa = XCBuildConfiguration;
			buildSettings = {
				ALWAYS_EMBED_SWIFT_STANDARD_LIBRARIES = YES;
				CODE_SIGN_IDENTITY = "Mac Developer";
				CODE_SIGN_STYLE = Manual;
				DEVELOPMENT_TEAM = "";
				INFOPLIST_FILE = "SicaTests/Info-macOS.plist";
				LD_RUNPATH_SEARCH_PATHS = (
					"$(inherited)",
					"@executable_path/Frameworks",
					"@loader_path/Frameworks",
				);
				PRODUCT_BUNDLE_IDENTIFIER = "com.cats-oss.SicaTests";
				PRODUCT_NAME = SicaTests;
				PROVISIONING_PROFILE_SPECIFIER = "";
				SDKROOT = macosx;
				SWIFT_VERSION = 4.0;
				TARGETED_DEVICE_FAMILY = "1,2";
			};
			name = Debug;
		};
		9D436C6C20E9EA1E00A1B938 /* Release */ = {
			isa = XCBuildConfiguration;
			buildSettings = {
				ALWAYS_EMBED_SWIFT_STANDARD_LIBRARIES = YES;
				CODE_SIGN_IDENTITY = "Mac Developer";
				CODE_SIGN_STYLE = Manual;
				DEVELOPMENT_TEAM = "";
				INFOPLIST_FILE = "SicaTests/Info-macOS.plist";
				LD_RUNPATH_SEARCH_PATHS = (
					"$(inherited)",
					"@executable_path/Frameworks",
					"@loader_path/Frameworks",
				);
				PRODUCT_BUNDLE_IDENTIFIER = "com.cats-oss.SicaTests";
				PRODUCT_NAME = SicaTests;
				PROVISIONING_PROFILE_SPECIFIER = "";
				SDKROOT = macosx;
				SWIFT_VERSION = 4.0;
				TARGETED_DEVICE_FAMILY = "1,2";
			};
			name = Release;
		};
		D4A60FF520ABC9890079871A /* Debug */ = {
			isa = XCBuildConfiguration;
			buildSettings = {
				ALWAYS_SEARCH_USER_PATHS = NO;
				CLANG_ANALYZER_NONNULL = YES;
				CLANG_ANALYZER_NUMBER_OBJECT_CONVERSION = YES_AGGRESSIVE;
				CLANG_CXX_LANGUAGE_STANDARD = "gnu++14";
				CLANG_CXX_LIBRARY = "libc++";
				CLANG_ENABLE_MODULES = YES;
				CLANG_ENABLE_OBJC_ARC = YES;
				CLANG_ENABLE_OBJC_WEAK = YES;
				CLANG_WARN_BLOCK_CAPTURE_AUTORELEASING = YES;
				CLANG_WARN_BOOL_CONVERSION = YES;
				CLANG_WARN_COMMA = YES;
				CLANG_WARN_CONSTANT_CONVERSION = YES;
				CLANG_WARN_DEPRECATED_OBJC_IMPLEMENTATIONS = YES;
				CLANG_WARN_DIRECT_OBJC_ISA_USAGE = YES_ERROR;
				CLANG_WARN_DOCUMENTATION_COMMENTS = YES;
				CLANG_WARN_EMPTY_BODY = YES;
				CLANG_WARN_ENUM_CONVERSION = YES;
				CLANG_WARN_INFINITE_RECURSION = YES;
				CLANG_WARN_INT_CONVERSION = YES;
				CLANG_WARN_NON_LITERAL_NULL_CONVERSION = YES;
				CLANG_WARN_OBJC_IMPLICIT_RETAIN_SELF = YES;
				CLANG_WARN_OBJC_LITERAL_CONVERSION = YES;
				CLANG_WARN_OBJC_ROOT_CLASS = YES_ERROR;
				CLANG_WARN_RANGE_LOOP_ANALYSIS = YES;
				CLANG_WARN_STRICT_PROTOTYPES = YES;
				CLANG_WARN_SUSPICIOUS_MOVE = YES;
				CLANG_WARN_UNGUARDED_AVAILABILITY = YES_AGGRESSIVE;
				CLANG_WARN_UNREACHABLE_CODE = YES;
				CLANG_WARN__DUPLICATE_METHOD_MATCH = YES;
				CODE_SIGN_IDENTITY = "iPhone Developer";
				COPY_PHASE_STRIP = NO;
				CURRENT_PROJECT_VERSION = 1;
				DEBUG_INFORMATION_FORMAT = dwarf;
				ENABLE_STRICT_OBJC_MSGSEND = YES;
				ENABLE_TESTABILITY = YES;
				GCC_C_LANGUAGE_STANDARD = gnu11;
				GCC_DYNAMIC_NO_PIC = NO;
				GCC_NO_COMMON_BLOCKS = YES;
				GCC_OPTIMIZATION_LEVEL = 0;
				GCC_PREPROCESSOR_DEFINITIONS = (
					"DEBUG=1",
					"$(inherited)",
				);
				GCC_WARN_64_TO_32_BIT_CONVERSION = YES;
				GCC_WARN_ABOUT_RETURN_TYPE = YES_ERROR;
				GCC_WARN_UNDECLARED_SELECTOR = YES;
				GCC_WARN_UNINITIALIZED_AUTOS = YES_AGGRESSIVE;
				GCC_WARN_UNUSED_FUNCTION = YES;
				GCC_WARN_UNUSED_VARIABLE = YES;
				IPHONEOS_DEPLOYMENT_TARGET = 11.3;
				MTL_ENABLE_DEBUG_INFO = YES;
				ONLY_ACTIVE_ARCH = YES;
				SDKROOT = iphoneos;
				SWIFT_ACTIVE_COMPILATION_CONDITIONS = DEBUG;
				SWIFT_OPTIMIZATION_LEVEL = "-Onone";
				VERSIONING_SYSTEM = "apple-generic";
				VERSION_INFO_PREFIX = "";
			};
			name = Debug;
		};
		D4A60FF620ABC9890079871A /* Release */ = {
			isa = XCBuildConfiguration;
			buildSettings = {
				ALWAYS_SEARCH_USER_PATHS = NO;
				CLANG_ANALYZER_NONNULL = YES;
				CLANG_ANALYZER_NUMBER_OBJECT_CONVERSION = YES_AGGRESSIVE;
				CLANG_CXX_LANGUAGE_STANDARD = "gnu++14";
				CLANG_CXX_LIBRARY = "libc++";
				CLANG_ENABLE_MODULES = YES;
				CLANG_ENABLE_OBJC_ARC = YES;
				CLANG_ENABLE_OBJC_WEAK = YES;
				CLANG_WARN_BLOCK_CAPTURE_AUTORELEASING = YES;
				CLANG_WARN_BOOL_CONVERSION = YES;
				CLANG_WARN_COMMA = YES;
				CLANG_WARN_CONSTANT_CONVERSION = YES;
				CLANG_WARN_DEPRECATED_OBJC_IMPLEMENTATIONS = YES;
				CLANG_WARN_DIRECT_OBJC_ISA_USAGE = YES_ERROR;
				CLANG_WARN_DOCUMENTATION_COMMENTS = YES;
				CLANG_WARN_EMPTY_BODY = YES;
				CLANG_WARN_ENUM_CONVERSION = YES;
				CLANG_WARN_INFINITE_RECURSION = YES;
				CLANG_WARN_INT_CONVERSION = YES;
				CLANG_WARN_NON_LITERAL_NULL_CONVERSION = YES;
				CLANG_WARN_OBJC_IMPLICIT_RETAIN_SELF = YES;
				CLANG_WARN_OBJC_LITERAL_CONVERSION = YES;
				CLANG_WARN_OBJC_ROOT_CLASS = YES_ERROR;
				CLANG_WARN_RANGE_LOOP_ANALYSIS = YES;
				CLANG_WARN_STRICT_PROTOTYPES = YES;
				CLANG_WARN_SUSPICIOUS_MOVE = YES;
				CLANG_WARN_UNGUARDED_AVAILABILITY = YES_AGGRESSIVE;
				CLANG_WARN_UNREACHABLE_CODE = YES;
				CLANG_WARN__DUPLICATE_METHOD_MATCH = YES;
				CODE_SIGN_IDENTITY = "iPhone Developer";
				COPY_PHASE_STRIP = NO;
				CURRENT_PROJECT_VERSION = 1;
				DEBUG_INFORMATION_FORMAT = "dwarf-with-dsym";
				ENABLE_NS_ASSERTIONS = NO;
				ENABLE_STRICT_OBJC_MSGSEND = YES;
				GCC_C_LANGUAGE_STANDARD = gnu11;
				GCC_NO_COMMON_BLOCKS = YES;
				GCC_WARN_64_TO_32_BIT_CONVERSION = YES;
				GCC_WARN_ABOUT_RETURN_TYPE = YES_ERROR;
				GCC_WARN_UNDECLARED_SELECTOR = YES;
				GCC_WARN_UNINITIALIZED_AUTOS = YES_AGGRESSIVE;
				GCC_WARN_UNUSED_FUNCTION = YES;
				GCC_WARN_UNUSED_VARIABLE = YES;
				IPHONEOS_DEPLOYMENT_TARGET = 11.3;
				MTL_ENABLE_DEBUG_INFO = NO;
				SDKROOT = iphoneos;
				SWIFT_COMPILATION_MODE = wholemodule;
				SWIFT_OPTIMIZATION_LEVEL = "-O";
				VALIDATE_PRODUCT = YES;
				VERSIONING_SYSTEM = "apple-generic";
				VERSION_INFO_PREFIX = "";
			};
			name = Release;
		};
		D4A60FF820ABC9890079871A /* Debug */ = {
			isa = XCBuildConfiguration;
			buildSettings = {
				CODE_SIGN_IDENTITY = "";
				CODE_SIGN_STYLE = Manual;
				DEFINES_MODULE = YES;
				DEVELOPMENT_TEAM = "";
				DYLIB_COMPATIBILITY_VERSION = 1;
				DYLIB_CURRENT_VERSION = 1;
				DYLIB_INSTALL_NAME_BASE = "@rpath";
				INFOPLIST_FILE = "$(SRCROOT)/Sica/Resource/Info-iOS.plist";
				INSTALL_PATH = "$(LOCAL_LIBRARY_DIR)/Frameworks";
				IPHONEOS_DEPLOYMENT_TARGET = 9.0;
				LD_RUNPATH_SEARCH_PATHS = (
					"$(inherited)",
					"@executable_path/Frameworks",
					"@loader_path/Frameworks",
				);
				PRODUCT_BUNDLE_IDENTIFIER = "com.cats-oss.sica";
				PRODUCT_NAME = Sica;
				PROVISIONING_PROFILE_SPECIFIER = "";
				SKIP_INSTALL = YES;
				SWIFT_VERSION = 4.0;
				TARGETED_DEVICE_FAMILY = "1,2";
			};
			name = Debug;
		};
		D4A60FF920ABC9890079871A /* Release */ = {
			isa = XCBuildConfiguration;
			buildSettings = {
				CODE_SIGN_IDENTITY = "";
				CODE_SIGN_STYLE = Manual;
				DEFINES_MODULE = YES;
				DEVELOPMENT_TEAM = "";
				DYLIB_COMPATIBILITY_VERSION = 1;
				DYLIB_CURRENT_VERSION = 1;
				DYLIB_INSTALL_NAME_BASE = "@rpath";
				INFOPLIST_FILE = "$(SRCROOT)/Sica/Resource/Info-iOS.plist";
				INSTALL_PATH = "$(LOCAL_LIBRARY_DIR)/Frameworks";
				IPHONEOS_DEPLOYMENT_TARGET = 9.0;
				LD_RUNPATH_SEARCH_PATHS = (
					"$(inherited)",
					"@executable_path/Frameworks",
					"@loader_path/Frameworks",
				);
				PRODUCT_BUNDLE_IDENTIFIER = "com.cats-oss.sica";
				PRODUCT_NAME = Sica;
				PROVISIONING_PROFILE_SPECIFIER = "";
				SKIP_INSTALL = YES;
				SWIFT_VERSION = 4.0;
				TARGETED_DEVICE_FAMILY = "1,2";
			};
			name = Release;
		};
		D4A60FFB20ABC9890079871A /* Debug */ = {
			isa = XCBuildConfiguration;
			buildSettings = {
				ALWAYS_EMBED_SWIFT_STANDARD_LIBRARIES = YES;
				CODE_SIGN_IDENTITY = "iPhone Developer";
				CODE_SIGN_STYLE = Manual;
				DEVELOPMENT_TEAM = "";
				INFOPLIST_FILE = "SicaTests/Info-iOS.plist";
				LD_RUNPATH_SEARCH_PATHS = (
					"$(inherited)",
					"@executable_path/Frameworks",
					"@loader_path/Frameworks",
				);
				PRODUCT_BUNDLE_IDENTIFIER = "com.cats-oss.SicaTests";
				PRODUCT_NAME = SicaTests;
				PROVISIONING_PROFILE_SPECIFIER = "";
				SWIFT_VERSION = 4.0;
				TARGETED_DEVICE_FAMILY = "1,2";
			};
			name = Debug;
		};
		D4A60FFC20ABC9890079871A /* Release */ = {
			isa = XCBuildConfiguration;
			buildSettings = {
				ALWAYS_EMBED_SWIFT_STANDARD_LIBRARIES = YES;
				CODE_SIGN_IDENTITY = "iPhone Developer";
				CODE_SIGN_STYLE = Manual;
				DEVELOPMENT_TEAM = "";
				INFOPLIST_FILE = "SicaTests/Info-iOS.plist";
				LD_RUNPATH_SEARCH_PATHS = (
					"$(inherited)",
					"@executable_path/Frameworks",
					"@loader_path/Frameworks",
				);
				PRODUCT_BUNDLE_IDENTIFIER = "com.cats-oss.SicaTests";
				PRODUCT_NAME = SicaTests;
				PROVISIONING_PROFILE_SPECIFIER = "";
				SWIFT_VERSION = 4.0;
				TARGETED_DEVICE_FAMILY = "1,2";
			};
			name = Release;
		};
/* End XCBuildConfiguration section */

/* Begin XCConfigurationList section */
		9D436C3C20E9E4DD00A1B938 /* Build configuration list for PBXNativeTarget "Sica-macOS" */ = {
			isa = XCConfigurationList;
			buildConfigurations = (
				9D436C3D20E9E4DD00A1B938 /* Debug */,
				9D436C3E20E9E4DD00A1B938 /* Release */,
			);
			defaultConfigurationIsVisible = 0;
			defaultConfigurationName = Release;
		};
		9D436C4E20E9E71900A1B938 /* Build configuration list for PBXNativeTarget "Sica-tvOS" */ = {
			isa = XCConfigurationList;
			buildConfigurations = (
				9D436C4F20E9E71900A1B938 /* Debug */,
				9D436C5020E9E71900A1B938 /* Release */,
			);
			defaultConfigurationIsVisible = 0;
			defaultConfigurationName = Release;
		};
		9D436C5C20E9E8F200A1B938 /* Build configuration list for PBXNativeTarget "SicaTests-tvOS" */ = {
			isa = XCConfigurationList;
			buildConfigurations = (
				9D436C5D20E9E8F200A1B938 /* Debug */,
				9D436C5E20E9E8F200A1B938 /* Release */,
			);
			defaultConfigurationIsVisible = 0;
			defaultConfigurationName = Release;
		};
		9D436C6A20E9EA1E00A1B938 /* Build configuration list for PBXNativeTarget "SicaTests-macOS" */ = {
			isa = XCConfigurationList;
			buildConfigurations = (
				9D436C6B20E9EA1E00A1B938 /* Debug */,
				9D436C6C20E9EA1E00A1B938 /* Release */,
			);
			defaultConfigurationIsVisible = 0;
			defaultConfigurationName = Release;
		};
		D4A60FDD20ABC9890079871A /* Build configuration list for PBXProject "Sica" */ = {
			isa = XCConfigurationList;
			buildConfigurations = (
				D4A60FF520ABC9890079871A /* Debug */,
				D4A60FF620ABC9890079871A /* Release */,
			);
			defaultConfigurationIsVisible = 0;
			defaultConfigurationName = Release;
		};
		D4A60FF720ABC9890079871A /* Build configuration list for PBXNativeTarget "Sica-iOS" */ = {
			isa = XCConfigurationList;
			buildConfigurations = (
				D4A60FF820ABC9890079871A /* Debug */,
				D4A60FF920ABC9890079871A /* Release */,
			);
			defaultConfigurationIsVisible = 0;
			defaultConfigurationName = Release;
		};
		D4A60FFA20ABC9890079871A /* Build configuration list for PBXNativeTarget "SicaTests-iOS" */ = {
			isa = XCConfigurationList;
			buildConfigurations = (
				D4A60FFB20ABC9890079871A /* Debug */,
				D4A60FFC20ABC9890079871A /* Release */,
			);
			defaultConfigurationIsVisible = 0;
			defaultConfigurationName = Release;
		};
/* End XCConfigurationList section */
	};
	rootObject = D4A60FDA20ABC9890079871A /* Project object */;
}
